
Microsoft Visual Studio Solution File, Format Version 12.00
# Visual Studio Version 17
VisualStudioVersion = 17.10.35122.118
MinimumVisualStudioVersion = 10.0.40219.1
Project("{FAE04EC0-301F-11D3-BF4B-00C04F79EFBC}") = "TarefasAPI", "TarefasAPI\TarefasAPI.csproj", "{E5BEA7BD-B2F5-4ABB-8CCC-47F9C779D6B6}"
EndProject
Global
	GlobalSection(SolutionConfigurationPlatforms) = preSolution
		Debug|Any CPU = Debug|Any CPU
		Release|Any CPU = Release|Any CPU
	EndGlobalSection
	GlobalSection(ProjectConfigurationPlatforms) = postSolution
		{E5BEA7BD-B2F5-4ABB-8CCC-47F9C779D6B6}.Debug|Any CPU.ActiveCfg = Debug|Any CPU
		{E5BEA7BD-B2F5-4ABB-8CCC-47F9C779D6B6}.Debug|Any CPU.Build.0 = Debug|Any CPU
		{E5BEA7BD-B2F5-4ABB-8CCC-47F9C779D6B6}.Release|Any CPU.ActiveCfg = Release|Any CPU
		{E5BEA7BD-B2F5-4ABB-8CCC-47F9C779D6B6}.Release|Any CPU.Build.0 = Release|Any CPU
	EndGlobalSection
	GlobalSection(SolutionProperties) = preSolution
		HideSolutionNode = FALSE
	EndGlobalSection
	GlobalSection(ExtensibilityGlobals) = postSolution
		SolutionGuid = {11A1B123-097B-49AD-8197-2E9B4D1DF754}
	EndGlobalSection
EndGlobal
